
Microsoft Visual Studio Solution File, Format Version 12.00
# Visual Studio Version 16
VisualStudioVersion = 16.0.31911.196
MinimumVisualStudioVersion = 10.0.40219.1
Project("{FAE04EC0-301F-11D3-BF4B-00C04F79EFBC}") = "WpfApp6", "WpfApp6\WpfApp6.csproj", "{02241E59-0C8A-4984-B5DC-A22AEF17AE01}"
EndProject
Global
	GlobalSection(SolutionConfigurationPlatforms) = preSolution
		Debug|Any CPU = Debug|Any CPU
		Release|Any CPU = Release|Any CPU
	EndGlobalSection
	GlobalSection(ProjectConfigurationPlatforms) = postSolution
		{02241E59-0C8A-4984-B5DC-A22AEF17AE01}.Debug|Any CPU.ActiveCfg = Debug|Any CPU
		{02241E59-0C8A-4984-B5DC-A22AEF17AE01}.Debug|Any CPU.Build.0 = Debug|Any CPU
		{02241E59-0C8A-4984-B5DC-A22AEF17AE01}.Release|Any CPU.ActiveCfg = Release|Any CPU
		{02241E59-0C8A-4984-B5DC-A22AEF17AE01}.Release|Any CPU.Build.0 = Release|Any CPU
	EndGlobalSection
	GlobalSection(SolutionProperties) = preSolution
		HideSolutionNode = FALSE
	EndGlobalSection
	GlobalSection(ExtensibilityGlobals) = postSolution
		SolutionGuid = {BD538C44-B873-4952-8182-15DC70792CB8}
	EndGlobalSection
EndGlobal
